{
    "name": "theme-karyfoundation-themes",
    "version": "36.2.0",
    "lockfileVersion": 2,
    "requires": true,
    "packages": {
        "": {
            "name": "theme-karyfoundation-themes",
            "version": "36.2.0",
            "devDependencies": {
                "@kary/virtuous": "^1.1.0"
            },
            "engines": {
                "vscode": "^1.7.0"
            }
        },
        "node_modules/@kary/virtuous": {
            "version": "1.1.0",
            "resolved": "https://registry.npmjs.org/@kary/virtuous/-/virtuous-1.1.0.tgz",
            "integrity": "sha512-uZdxc5N2ZSHHwrH9XS4cNnV7Yq2eD27OAT0oma44wjaJHB7cXH1OLojL9dMRHQPYivH9a4TXQkjZFddX1XsAxg==",
            "dev": true
        }
    },
    "dependencies": {
        "@kary/virtuous": {
            "version": "1.1.0",
            "resolved": "https://registry.npmjs.org/@kary/virtuous/-/virtuous-1.1.0.tgz",
            "integrity": "sha512-uZdxc5N2ZSHHwrH9XS4cNnV7Yq2eD27OAT0oma44wjaJHB7cXH1OLojL9dMRHQPYivH9a4TXQkjZFddX1XsAxg==",
            "dev": true
        }
    }
}
